
Microsoft Visual Studio Solution File, Format Version 12.00
# Visual Studio Version 17
VisualStudioVersion = 17.9.34616.47
MinimumVisualStudioVersion = 10.0.40219.1
Project("{FAE04EC0-301F-11D3-BF4B-00C04F79EFBC}") = "RabbitMQDemo", "RabbitMQDemo\RabbitMQDemo.csproj", "{C7B1A009-81FA-4D6C-A415-21399099FD4A}"
EndProject
Project("{FAE04EC0-301F-11D3-BF4B-00C04F79EFBC}") = "RabbitMQDemo.Models", "RabbitMQDemo.Models\RabbitMQDemo.Models.csproj", "{1A6AE302-2DAE-4BF8-9FFF-8E0A1F73775E}"
EndProject
Project("{FAE04EC0-301F-11D3-BF4B-00C04F79EFBC}") = "RabbitMQDemo.Services", "RabbitMQDemo.Services\RabbitMQDemo.Services.csproj", "{267DD484-4566-4695-825B-924C7D714D7E}"
EndProject
Global
	GlobalSection(SolutionConfigurationPlatforms) = preSolution
		Debug|Any CPU = Debug|Any CPU
		Release|Any CPU = Release|Any CPU
	EndGlobalSection
	GlobalSection(ProjectConfigurationPlatforms) = postSolution
		{C7B1A009-81FA-4D6C-A415-21399099FD4A}.Debug|Any CPU.ActiveCfg = Debug|Any CPU
		{C7B1A009-81FA-4D6C-A415-21399099FD4A}.Debug|Any CPU.Build.0 = Debug|Any CPU
		{C7B1A009-81FA-4D6C-A415-21399099FD4A}.Release|Any CPU.ActiveCfg = Release|Any CPU
		{C7B1A009-81FA-4D6C-A415-21399099FD4A}.Release|Any CPU.Build.0 = Release|Any CPU
		{1A6AE302-2DAE-4BF8-9FFF-8E0A1F73775E}.Debug|Any CPU.ActiveCfg = Debug|Any CPU
		{1A6AE302-2DAE-4BF8-9FFF-8E0A1F73775E}.Debug|Any CPU.Build.0 = Debug|Any CPU
		{1A6AE302-2DAE-4BF8-9FFF-8E0A1F73775E}.Release|Any CPU.ActiveCfg = Release|Any CPU
		{1A6AE302-2DAE-4BF8-9FFF-8E0A1F73775E}.Release|Any CPU.Build.0 = Release|Any CPU
		{267DD484-4566-4695-825B-924C7D714D7E}.Debug|Any CPU.ActiveCfg = Debug|Any CPU
		{267DD484-4566-4695-825B-924C7D714D7E}.Debug|Any CPU.Build.0 = Debug|Any CPU
		{267DD484-4566-4695-825B-924C7D714D7E}.Release|Any CPU.ActiveCfg = Release|Any CPU
		{267DD484-4566-4695-825B-924C7D714D7E}.Release|Any CPU.Build.0 = Release|Any CPU
	EndGlobalSection
	GlobalSection(SolutionProperties) = preSolution
		HideSolutionNode = FALSE
	EndGlobalSection
	GlobalSection(ExtensibilityGlobals) = postSolution
		SolutionGuid = {6BA7FF61-7539-422C-8D65-13C98F5A35C2}
	EndGlobalSection
EndGlobal
